
Microsoft Visual Studio Solution File, Format Version 12.00
# Visual Studio Version 17
VisualStudioVersion = 17.11.35222.181
MinimumVisualStudioVersion = 10.0.40219.1
Project("{FAE04EC0-301F-11D3-BF4B-00C04F79EFBC}") = "2md2-ds-atividade-ddl-lb-cal-ad", "2md2-ds-atividade-ddl-lb-cal-ad\2md2-ds-atividade-ddl-lb-cal-ad.csproj", "{A12A9C87-F4FB-4EA2-A1DF-D671099034ED}"
EndProject
Global
	GlobalSection(SolutionConfigurationPlatforms) = preSolution
		Debug|Any CPU = Debug|Any CPU
		Release|Any CPU = Release|Any CPU
	EndGlobalSection
	GlobalSection(ProjectConfigurationPlatforms) = postSolution
		{A12A9C87-F4FB-4EA2-A1DF-D671099034ED}.Debug|Any CPU.ActiveCfg = Debug|Any CPU
		{A12A9C87-F4FB-4EA2-A1DF-D671099034ED}.Debug|Any CPU.Build.0 = Debug|Any CPU
		{A12A9C87-F4FB-4EA2-A1DF-D671099034ED}.Release|Any CPU.ActiveCfg = Release|Any CPU
		{A12A9C87-F4FB-4EA2-A1DF-D671099034ED}.Release|Any CPU.Build.0 = Release|Any CPU
	EndGlobalSection
	GlobalSection(SolutionProperties) = preSolution
		HideSolutionNode = FALSE
	EndGlobalSection
	GlobalSection(ExtensibilityGlobals) = postSolution
		SolutionGuid = {3B64D4A9-BC37-48A2-928A-6E8D73E0D477}
	EndGlobalSection
EndGlobal
